{
  "nodes": {
    "cargoMakedocs": {
      "flake": false,
      "locked": {
        "lastModified": 1584397500,
        "narHash": "sha256-kTyAnnJIrpfoN/kmnfA+TlA70K7AtzrogqT0YUi5P+I=",
        "owner": "Bunogi",
        "repo": "cargo-makedocs",
        "rev": "08b0f4efd02534b74c583755b3ea0665f363bd62",
        "type": "github"
      },
      "original": {
        "owner": "Bunogi",
        "repo": "cargo-makedocs",
        "type": "github"
      }
    },
    "emacs-overlay": {
      "inputs": {
        "nixpkgs": "nixpkgs",
        "nixpkgs-stable": "nixpkgs-stable"
      },
      "locked": {
        "lastModified": 1789069964,
        "narHash": "sha256-mtQtebLIjdicdKL0CVU3nHxkcnUITR2S1kMMyTIrJRU=",
        "owner": "nix-community",
        "repo": "emacs-overlay",
        "rev": "16e08823b378b9751821172eb4809e4af8faf341",
        "type": "github"
      },
      "original": {
        "owner": "nix-community",
        "repo": "emacs-overlay",
        "type": "github"
      }
    },
    "nixpkgs": {
      "locked": {
        "lastModified": 1789006805,
        "narHash": "sha256-xB8mKMOx1IA9vTDNLmJZ6n4wCMq/cuWBBOzGCRnqxrU=",
        "owner": "NixOS",
        "repo": "nixpkgs",
        "rev": "8ce4ef6cb6f871616146b9fe26d2a5ae594e94fe",
        "type": "github"
      },
      "original": {
        "owner": "NixOS",
        "ref": "nixos-unstable",
        "repo": "nixpkgs",
        "type": "github"
      }
    },
    "nixpkgs-stable": {
      "locked": {
        "lastModified": 1789009968,
        "narHash": "sha256-GB16oaxpsrnGNnGIE+0uYBqMRzB9X6FYDUvjvnJAYew=",
        "owner": "NixOS",
        "repo": "nixpkgs",
        "rev": "d58a46e3bc02d91ebe04667f8397752a749c0024",
        "type": "github"
      },
      "original": {
        "owner": "NixOS",
        "ref": "nixos-26.05",
        "repo": "nixpkgs",
        "type": "github"
      }
    },
    "nixpkgs_2": {
      "locked": {
        "lastModified": 1789012029,
        "narHash": "sha256-1CBkBf+Nhggykzlx0jvXrj5rk20btl+tK8Fa8Ml/BL4=",
        "owner": "NixOS",
        "repo": "nixpkgs",
        "rev": "d5dfd8e6716dde34398bc14bc87c10dece9c8c68",
        "type": "github"
      },
      "original": {
        "owner": "NixOS",
        "ref": "nixpkgs-unstable",
        "repo": "nixpkgs",
        "type": "github"
      }
    },
    "root": {
      "inputs": {
        "cargoMakedocs": "cargoMakedocs",
        "emacs-overlay": "emacs-overlay",
        "nixpkgs": "nixpkgs_2"
      }
    }
  },
  "root": "root",
  "version": 7
}
