{
  "nodes": {
    "cargoMakedocs": {
      "flake": false,
      "locked": {
        "lastModified": 1584397500,
        "narHash": "sha256-kTyAnnJIrpfoN/kmnfA+TlA70K7AtzrogqT0YUi5P+I=",
        "owner": "Bunogi",
        "repo": "cargo-makedocs",
        "rev": "08b0f4efd02534b74c583755b3ea0665f363bd62",
        "type": "github"
      },
      "original": {
        "owner": "Bunogi",
        "repo": "cargo-makedocs",
        "type": "github"
      }
    },
    "emacs-overlay": {
      "inputs": {
        "nixpkgs": "nixpkgs",
        "nixpkgs-stable": "nixpkgs-stable"
      },
      "locked": {
        "lastModified": 1789930742,
        "narHash": "sha256-d7J6MVQNqIPs9A4Ayf/J8i6uB7IIdHUoF2pmBxEOz+w=",
        "owner": "nix-community",
        "repo": "emacs-overlay",
        "rev": "73948ebf8ecea5a4f903caa4d2a5bc7cd4f6e931",
        "type": "github"
      },
      "original": {
        "owner": "nix-community",
        "repo": "emacs-overlay",
        "type": "github"
      }
    },
    "kisses": {
      "flake": false,
      "locked": {
        "lastModified": 1662825345,
        "narHash": "sha256-8RFp9ihSsHsVm/7Wr1Y6I1KswZoEf2TZNIVf2yQZCks=",
        "owner": "jsilve24",
        "repo": "kisses",
        "rev": "d621a64043b00c997638dd388063bc8122a8e7a7",
        "type": "github"
      },
      "original": {
        "owner": "jsilve24",
        "repo": "kisses",
        "type": "github"
      }
    },
    "nixpkgs": {
      "locked": {
        "lastModified": 1789785513,
        "narHash": "sha256-B44WL6h0XoLjJ41bUPJk0X5SDinLCII//6EcBLXKiJ0=",
        "owner": "NixOS",
        "repo": "nixpkgs",
        "rev": "20b1ddd1aa5ace70c9468305030aa4f9ef79671b",
        "type": "github"
      },
      "original": {
        "owner": "NixOS",
        "ref": "nixos-unstable",
        "repo": "nixpkgs",
        "type": "github"
      }
    },
    "nixpkgs-stable": {
      "locked": {
        "lastModified": 1789885152,
        "narHash": "sha256-mDNo95riUw8k0MA2Btzj/OuiMcfLKofqIliLYsLbrSY=",
        "owner": "NixOS",
        "repo": "nixpkgs",
        "rev": "6d663c0533ff269008fb84e45930151e37c99db9",
        "type": "github"
      },
      "original": {
        "owner": "NixOS",
        "ref": "nixos-26.05",
        "repo": "nixpkgs",
        "type": "github"
      }
    },
    "nixpkgs_2": {
      "locked": {
        "lastModified": 1789724158,
        "narHash": "sha256-nlKgrm0dsVhOSopKheVBCcOpiIticufPPVLdVOI0euA=",
        "owner": "NixOS",
        "repo": "nixpkgs",
        "rev": "0a3468a402c449992505b6a9fc5b06580141b750",
        "type": "github"
      },
      "original": {
        "owner": "NixOS",
        "ref": "nixpkgs-unstable",
        "repo": "nixpkgs",
        "type": "github"
      }
    },
    "root": {
      "inputs": {
        "cargoMakedocs": "cargoMakedocs",
        "emacs-overlay": "emacs-overlay",
        "kisses": "kisses",
        "nixpkgs": "nixpkgs_2"
      }
    }
  },
  "root": "root",
  "version": 7
}
