{
  "nodes": {
    "cargoMakedocs": {
      "flake": false,
      "locked": {
        "lastModified": 1584397500,
        "narHash": "sha256-kTyAnnJIrpfoN/kmnfA+TlA70K7AtzrogqT0YUi5P+I=",
        "owner": "Bunogi",
        "repo": "cargo-makedocs",
        "rev": "08b0f4efd02534b74c583755b3ea0665f363bd62",
        "type": "github"
      },
      "original": {
        "owner": "Bunogi",
        "repo": "cargo-makedocs",
        "type": "github"
      }
    },
    "catppuccinEmacs": {
      "flake": false,
      "locked": {
        "lastModified": 1733887338,
        "narHash": "sha256-iVGo+m7vYU7oPGnm50ik0y2FpU3f70BjFDHwa/70LDU=",
        "owner": "catppuccin",
        "repo": "emacs",
        "rev": "893981bb3d7aff4c6e41427e92dc514164fdfb59",
        "type": "github"
      },
      "original": {
        "owner": "catppuccin",
        "repo": "emacs",
        "type": "github"
      }
    },
    "corfuCandidateOverlay": {
      "flake": false,
      "locked": {
        "lastModified": 1711131243,
        "narHash": "sha256-XXeXN+y1TZQSjV+6laL2MFY1HbKfGORmVxRpRQWYGZ8=",
        "ref": "refs/heads/master",
        "rev": "f730de2c150720ee70d4d7be4b8bb533c7dfc97e",
        "revCount": 30,
        "type": "git",
        "url": "https://code.bsdgeek.org/adam/corfu-candidate-overlay"
      },
      "original": {
        "type": "git",
        "url": "https://code.bsdgeek.org/adam/corfu-candidate-overlay"
      }
    },
    "emacs-overlay": {
      "inputs": {
        "nixpkgs": "nixpkgs",
        "nixpkgs-stable": "nixpkgs-stable"
      },
      "locked": {
        "lastModified": 1734315266,
        "narHash": "sha256-k6ekQwIK/TASoPwTyeY2JiBHzwmPZSLGrYNXF+fLhC8=",
        "owner": "nix-community",
        "repo": "emacs-overlay",
        "rev": "fce2b6224adae5f9b6d43d74ecb996a3133a63f4",
        "type": "github"
      },
      "original": {
        "owner": "nix-community",
        "repo": "emacs-overlay",
        "type": "github"
      }
    },
    "nixpkgs": {
      "locked": {
        "lastModified": 1734119587,
        "narHash": "sha256-AKU6qqskl0yf2+JdRdD0cfxX4b9x3KKV5RqA6wijmPM=",
        "owner": "NixOS",
        "repo": "nixpkgs",
        "rev": "3566ab7246670a43abd2ffa913cc62dad9cdf7d5",
        "type": "github"
      },
      "original": {
        "owner": "NixOS",
        "ref": "nixos-unstable",
        "repo": "nixpkgs",
        "type": "github"
      }
    },
    "nixpkgs-stable": {
      "locked": {
        "lastModified": 1734083684,
        "narHash": "sha256-5fNndbndxSx5d+C/D0p/VF32xDiJCJzyOqorOYW4JEo=",
        "owner": "NixOS",
        "repo": "nixpkgs",
        "rev": "314e12ba369ccdb9b352a4db26ff419f7c49fa84",
        "type": "github"
      },
      "original": {
        "owner": "NixOS",
        "ref": "nixos-24.11",
        "repo": "nixpkgs",
        "type": "github"
      }
    },
    "nixpkgs_2": {
      "locked": {
        "lastModified": 1734126203,
        "narHash": "sha256-0XovF7BYP50rTD2v4r55tR5MuBLet7q4xIz6Rgh3BBU=",
        "owner": "NixOS",
        "repo": "nixpkgs",
        "rev": "71a6392e367b08525ee710a93af2e80083b5b3e2",
        "type": "github"
      },
      "original": {
        "owner": "NixOS",
        "ref": "nixpkgs-unstable",
        "repo": "nixpkgs",
        "type": "github"
      }
    },
    "root": {
      "inputs": {
        "cargoMakedocs": "cargoMakedocs",
        "catppuccinEmacs": "catppuccinEmacs",
        "corfuCandidateOverlay": "corfuCandidateOverlay",
        "emacs-overlay": "emacs-overlay",
        "nixpkgs": "nixpkgs_2"
      }
    }
  },
  "root": "root",
  "version": 7
}
